
Microsoft Visual Studio Solution File, Format Version 12.00
# Visual Studio Version 17
VisualStudioVersion = 17.4.33213.308
MinimumVisualStudioVersion = 10.0.40219.1
Project("{FAE04EC0-301F-11D3-BF4B-00C04F79EFBC}") = "IntroToGitHub", "IntroToGitHub\IntroToGitHub.csproj", "{A61785FE-406B-4194-9EF7-2D23BA600F5A}"
EndProject
Global
	GlobalSection(SolutionConfigurationPlatforms) = preSolution
		Debug|Any CPU = Debug|Any CPU
		Release|Any CPU = Release|Any CPU
	EndGlobalSection
	GlobalSection(ProjectConfigurationPlatforms) = postSolution
		{A61785FE-406B-4194-9EF7-2D23BA600F5A}.Debug|Any CPU.ActiveCfg = Debug|Any CPU
		{A61785FE-406B-4194-9EF7-2D23BA600F5A}.Debug|Any CPU.Build.0 = Debug|Any CPU
		{A61785FE-406B-4194-9EF7-2D23BA600F5A}.Release|Any CPU.ActiveCfg = Release|Any CPU
		{A61785FE-406B-4194-9EF7-2D23BA600F5A}.Release|Any CPU.Build.0 = Release|Any CPU
	EndGlobalSection
	GlobalSection(SolutionProperties) = preSolution
		HideSolutionNode = FALSE
	EndGlobalSection
	GlobalSection(ExtensibilityGlobals) = postSolution
		SolutionGuid = {E6E60E42-9AF2-426F-9ED5-B7B70EF64919}
	EndGlobalSection
EndGlobal
